
Microsoft Visual Studio Solution File, Format Version 11.00
# Visual Studio 2010
Project("{FAE04EC0-301F-11D3-BF4B-00C04F79EFBC}") = "ChordPrototype", "Assembly-CSharp.csproj", "{B8103B37-BD07-949A-07F1-641449962DAE}"
EndProject
Global
	GlobalSection(SolutionConfigurationPlatforms) = preSolution
		Debug|Any CPU = Debug|Any CPU
		Release|Any CPU = Release|Any CPU
	EndGlobalSection
	GlobalSection(ProjectConfigurationPlatforms) = postSolution
		{B8103B37-BD07-949A-07F1-641449962DAE}.Debug|Any CPU.ActiveCfg = Debug|Any CPU
		{B8103B37-BD07-949A-07F1-641449962DAE}.Debug|Any CPU.Build.0 = Debug|Any CPU
		{B8103B37-BD07-949A-07F1-641449962DAE}.Release|Any CPU.ActiveCfg = Release|Any CPU
		{B8103B37-BD07-949A-07F1-641449962DAE}.Release|Any CPU.Build.0 = Release|Any CPU
	EndGlobalSection
	GlobalSection(SolutionProperties) = preSolution
		HideSolutionNode = FALSE
	EndGlobalSection
	GlobalSection(MonoDevelopProperties) = preSolution
		StartupItem = Assembly-CSharp.csproj
	EndGlobalSection
EndGlobal
